
Microsoft Visual Studio Solution File, Format Version 12.00
# Visual Studio Version 17
VisualStudioVersion = 17.13.35828.75
MinimumVisualStudioVersion = 10.0.40219.1
Project("{FAE04EC0-301F-11D3-BF4B-00C04F79EFBC}") = "BirthdayRoomsBackend", "BirthdayRoomsBackend\BirthdayRoomsBackend.csproj", "{A781F4F1-40C4-4193-84C0-CBFF816F73C3}"
EndProject
Project("{FAE04EC0-301F-11D3-BF4B-00C04F79EFBC}") = "BirthdayRoomsTest", "BirthdayRoomsTest\BirthdayRoomsTest.csproj", "{8D727496-D9D8-4571-A011-1C432920C0F2}"
EndProject
Global
	GlobalSection(SolutionConfigurationPlatforms) = preSolution
		Debug|Any CPU = Debug|Any CPU
		Release|Any CPU = Release|Any CPU
	EndGlobalSection
	GlobalSection(ProjectConfigurationPlatforms) = postSolution
		{A781F4F1-40C4-4193-84C0-CBFF816F73C3}.Debug|Any CPU.ActiveCfg = Debug|Any CPU
		{A781F4F1-40C4-4193-84C0-CBFF816F73C3}.Debug|Any CPU.Build.0 = Debug|Any CPU
		{A781F4F1-40C4-4193-84C0-CBFF816F73C3}.Release|Any CPU.ActiveCfg = Release|Any CPU
		{A781F4F1-40C4-4193-84C0-CBFF816F73C3}.Release|Any CPU.Build.0 = Release|Any CPU
		{8D727496-D9D8-4571-A011-1C432920C0F2}.Debug|Any CPU.ActiveCfg = Debug|Any CPU
		{8D727496-D9D8-4571-A011-1C432920C0F2}.Debug|Any CPU.Build.0 = Debug|Any CPU
		{8D727496-D9D8-4571-A011-1C432920C0F2}.Release|Any CPU.ActiveCfg = Release|Any CPU
		{8D727496-D9D8-4571-A011-1C432920C0F2}.Release|Any CPU.Build.0 = Release|Any CPU
	EndGlobalSection
	GlobalSection(SolutionProperties) = preSolution
		HideSolutionNode = FALSE
	EndGlobalSection
	GlobalSection(ExtensibilityGlobals) = postSolution
		SolutionGuid = {8B8EE13C-1E59-41A7-882C-05310A602F4E}
	EndGlobalSection
EndGlobal
